
Microsoft Visual Studio Solution File, Format Version 12.00
# Visual Studio Version 17
VisualStudioVersion = 17.0.31912.275
MinimumVisualStudioVersion = 10.0.40219.1
Project("{9A19103F-16F7-4668-BE54-9A1E7A4F7556}") = "IBook.API", "IBook.API\IBook.API.csproj", "{FFAA0233-DFD2-4E8A-99EA-A9E4075D2FF9}"
EndProject
Project("{2150E333-8FDC-42A3-9474-1A3956D46DE8}") = "1 - API", "1 - API", "{E53D7A3A-FA51-42CD-A6FD-11D145EE75FE}"
EndProject
Project("{2150E333-8FDC-42A3-9474-1A3956D46DE8}") = "2 - Domain", "2 - Domain", "{50C27F3C-3EAB-4919-8C23-EFB60D110D41}"
EndProject
Project("{FAE04EC0-301F-11D3-BF4B-00C04F79EFBC}") = "IBook.Domain", "IBook.Domain\IBook.Domain.csproj", "{FDDB04FF-D68E-45C2-B6DE-8E73A88DC46D}"
EndProject
Global
	GlobalSection(SolutionConfigurationPlatforms) = preSolution
		Debug|Any CPU = Debug|Any CPU
		Release|Any CPU = Release|Any CPU
	EndGlobalSection
	GlobalSection(ProjectConfigurationPlatforms) = postSolution
		{FFAA0233-DFD2-4E8A-99EA-A9E4075D2FF9}.Debug|Any CPU.ActiveCfg = Debug|Any CPU
		{FFAA0233-DFD2-4E8A-99EA-A9E4075D2FF9}.Debug|Any CPU.Build.0 = Debug|Any CPU
		{FFAA0233-DFD2-4E8A-99EA-A9E4075D2FF9}.Release|Any CPU.ActiveCfg = Release|Any CPU
		{FFAA0233-DFD2-4E8A-99EA-A9E4075D2FF9}.Release|Any CPU.Build.0 = Release|Any CPU
		{FDDB04FF-D68E-45C2-B6DE-8E73A88DC46D}.Debug|Any CPU.ActiveCfg = Debug|Any CPU
		{FDDB04FF-D68E-45C2-B6DE-8E73A88DC46D}.Debug|Any CPU.Build.0 = Debug|Any CPU
		{FDDB04FF-D68E-45C2-B6DE-8E73A88DC46D}.Release|Any CPU.ActiveCfg = Release|Any CPU
		{FDDB04FF-D68E-45C2-B6DE-8E73A88DC46D}.Release|Any CPU.Build.0 = Release|Any CPU
	EndGlobalSection
	GlobalSection(SolutionProperties) = preSolution
		HideSolutionNode = FALSE
	EndGlobalSection
	GlobalSection(NestedProjects) = preSolution
		{FFAA0233-DFD2-4E8A-99EA-A9E4075D2FF9} = {E53D7A3A-FA51-42CD-A6FD-11D145EE75FE}
		{FDDB04FF-D68E-45C2-B6DE-8E73A88DC46D} = {50C27F3C-3EAB-4919-8C23-EFB60D110D41}
	EndGlobalSection
	GlobalSection(ExtensibilityGlobals) = postSolution
		SolutionGuid = {8E26E72E-FA30-4521-8A7E-D93C759608B1}
	EndGlobalSection
EndGlobal
